
Microsoft Visual Studio Solution File, Format Version 12.00
# Visual Studio Version 17
VisualStudioVersion = 17.3.32929.385
MinimumVisualStudioVersion = 10.0.40219.1
Project("{FAE04EC0-301F-11D3-BF4B-00C04F79EFBC}") = "320OopLesson", "320OopLesson\320OopLesson.csproj", "{E2FACAB8-B74A-48E0-8004-C3B83A32DF6B}"
EndProject
Global
	GlobalSection(SolutionConfigurationPlatforms) = preSolution
		Debug|Any CPU = Debug|Any CPU
		Release|Any CPU = Release|Any CPU
	EndGlobalSection
	GlobalSection(ProjectConfigurationPlatforms) = postSolution
		{E2FACAB8-B74A-48E0-8004-C3B83A32DF6B}.Debug|Any CPU.ActiveCfg = Debug|Any CPU
		{E2FACAB8-B74A-48E0-8004-C3B83A32DF6B}.Debug|Any CPU.Build.0 = Debug|Any CPU
		{E2FACAB8-B74A-48E0-8004-C3B83A32DF6B}.Release|Any CPU.ActiveCfg = Release|Any CPU
		{E2FACAB8-B74A-48E0-8004-C3B83A32DF6B}.Release|Any CPU.Build.0 = Release|Any CPU
	EndGlobalSection
	GlobalSection(SolutionProperties) = preSolution
		HideSolutionNode = FALSE
	EndGlobalSection
	GlobalSection(ExtensibilityGlobals) = postSolution
		SolutionGuid = {F3519D24-EB80-402F-BD8F-89C094E16199}
	EndGlobalSection
EndGlobal
